
Microsoft Visual Studio Solution File, Format Version 12.00
# Visual Studio 2017
Project("{FAE04EC0-301F-11D3-BF4B-00C04F79EFBC}") = "snek", "snek.csproj", "{BC31D742-2443-6150-51EE-F998C98BD461}"
EndProject
Global
	GlobalSection(SolutionConfigurationPlatforms) = preSolution
		Debug|Any CPU = Debug|Any CPU
		Release|Any CPU = Release|Any CPU
	EndGlobalSection
	GlobalSection(ProjectConfigurationPlatforms) = postSolution
		{BC31D742-2443-6150-51EE-F998C98BD461}.Debug|Any CPU.ActiveCfg = Debug|Any CPU
		{BC31D742-2443-6150-51EE-F998C98BD461}.Debug|Any CPU.Build.0 = Debug|Any CPU
		{BC31D742-2443-6150-51EE-F998C98BD461}.Release|Any CPU.ActiveCfg = Release|Any CPU
		{BC31D742-2443-6150-51EE-F998C98BD461}.Release|Any CPU.Build.0 = Release|Any CPU
	EndGlobalSection
	GlobalSection(SolutionProperties) = preSolution
		HideSolutionNode = FALSE
	EndGlobalSection
EndGlobal
